
Microsoft Visual Studio Solution File, Format Version 12.00
# Visual Studio Version 16
VisualStudioVersion = 16.0.31313.79
MinimumVisualStudioVersion = 10.0.40219.1
Project("{9A19103F-16F7-4668-BE54-9A1E7A4F7556}") = "Sender", ".\Sender\Sender.csproj", "{4EE9D42C-0E08-410A-A688-4E81AE659BF0}"
EndProject
Project("{9A19103F-16F7-4668-BE54-9A1E7A4F7556}") = "Worker", ".\Worker\Worker.csproj", "{B14A85DD-6EE4-4A5F-BFBD-C4C262259911}"
EndProject
Global
	GlobalSection(SolutionConfigurationPlatforms) = preSolution
		Debug|Any CPU = Debug|Any CPU
		Release|Any CPU = Release|Any CPU
	EndGlobalSection
	GlobalSection(ProjectConfigurationPlatforms) = postSolution
		{4EE9D42C-0E08-410A-A688-4E81AE659BF0}.Debug|Any CPU.ActiveCfg = Debug|Any CPU
		{4EE9D42C-0E08-410A-A688-4E81AE659BF0}.Debug|Any CPU.Build.0 = Debug|Any CPU
		{4EE9D42C-0E08-410A-A688-4E81AE659BF0}.Release|Any CPU.ActiveCfg = Release|Any CPU
		{4EE9D42C-0E08-410A-A688-4E81AE659BF0}.Release|Any CPU.Build.0 = Release|Any CPU
		{B14A85DD-6EE4-4A5F-BFBD-C4C262259911}.Debug|Any CPU.ActiveCfg = Debug|Any CPU
		{B14A85DD-6EE4-4A5F-BFBD-C4C262259911}.Debug|Any CPU.Build.0 = Debug|Any CPU
		{B14A85DD-6EE4-4A5F-BFBD-C4C262259911}.Release|Any CPU.ActiveCfg = Release|Any CPU
		{B14A85DD-6EE4-4A5F-BFBD-C4C262259911}.Release|Any CPU.Build.0 = Release|Any CPU
	EndGlobalSection
	GlobalSection(SolutionProperties) = preSolution
		HideSolutionNode = FALSE
	EndGlobalSection
	GlobalSection(ExtensibilityGlobals) = postSolution
		SolutionGuid = {F852BC60-49E4-44D9-AF74-E78EF3EDB2C2}
	EndGlobalSection
EndGlobal
